
Microsoft Visual Studio Solution File, Format Version 12.00
# Visual Studio Version 16
VisualStudioVersion = 16.0.29215.179
MinimumVisualStudioVersion = 10.0.40219.1
Project("{FAE04EC0-301F-11D3-BF4B-00C04F79EFBC}") = "Formula", "Formula\Formula.csproj", "{6F31A487-6E65-403D-B5D7-ADE7A22A320E}"
EndProject
Project("{FAE04EC0-301F-11D3-BF4B-00C04F79EFBC}") = "FormulaTest", "FormulaTest\FormulaTest.csproj", "{1B59E096-DD8F-40D3-89BA-1764FBE256DE}"
EndProject
Global
	GlobalSection(SolutionConfigurationPlatforms) = preSolution
		Debug|Any CPU = Debug|Any CPU
		Release|Any CPU = Release|Any CPU
	EndGlobalSection
	GlobalSection(ProjectConfigurationPlatforms) = postSolution
		{6F31A487-6E65-403D-B5D7-ADE7A22A320E}.Debug|Any CPU.ActiveCfg = Debug|Any CPU
		{6F31A487-6E65-403D-B5D7-ADE7A22A320E}.Debug|Any CPU.Build.0 = Debug|Any CPU
		{6F31A487-6E65-403D-B5D7-ADE7A22A320E}.Release|Any CPU.ActiveCfg = Release|Any CPU
		{6F31A487-6E65-403D-B5D7-ADE7A22A320E}.Release|Any CPU.Build.0 = Release|Any CPU
		{1B59E096-DD8F-40D3-89BA-1764FBE256DE}.Debug|Any CPU.ActiveCfg = Debug|Any CPU
		{1B59E096-DD8F-40D3-89BA-1764FBE256DE}.Debug|Any CPU.Build.0 = Debug|Any CPU
		{1B59E096-DD8F-40D3-89BA-1764FBE256DE}.Release|Any CPU.ActiveCfg = Release|Any CPU
		{1B59E096-DD8F-40D3-89BA-1764FBE256DE}.Release|Any CPU.Build.0 = Release|Any CPU
	EndGlobalSection
	GlobalSection(SolutionProperties) = preSolution
		HideSolutionNode = FALSE
	EndGlobalSection
	GlobalSection(ExtensibilityGlobals) = postSolution
		SolutionGuid = {3B3EE6B7-CCF7-48EF-A7DF-2B47939E2FF0}
	EndGlobalSection
EndGlobal
