
Microsoft Visual Studio Solution File, Format Version 12.00
# Visual Studio Version 16
VisualStudioVersion = 16.0.29230.47
MinimumVisualStudioVersion = 10.0.40219.1
Project("{9A19103F-16F7-4668-BE54-9A1E7A4F7556}") = "NetworkController", "NetworkController\NetworkController.csproj", "{ED1EEC48-4DE1-4E5B-B4F3-A77E90110906}"
EndProject
Project("{9A19103F-16F7-4668-BE54-9A1E7A4F7556}") = "NetworkTestHelper", "NetworkTestHelper\NetworkTestHelper.csproj", "{9C074BE5-B4BC-41B3-8818-FA5BD295966B}"
EndProject
Project("{9A19103F-16F7-4668-BE54-9A1E7A4F7556}") = "NetworkTests", "NetworkTests\NetworkTests.csproj", "{3B3B7B47-E162-48B7-ADA5-7140F3966F57}"
EndProject
Global
	GlobalSection(SolutionConfigurationPlatforms) = preSolution
		Debug|Any CPU = Debug|Any CPU
		Release|Any CPU = Release|Any CPU
	EndGlobalSection
	GlobalSection(ProjectConfigurationPlatforms) = postSolution
		{ED1EEC48-4DE1-4E5B-B4F3-A77E90110906}.Debug|Any CPU.ActiveCfg = Debug|Any CPU
		{ED1EEC48-4DE1-4E5B-B4F3-A77E90110906}.Debug|Any CPU.Build.0 = Debug|Any CPU
		{ED1EEC48-4DE1-4E5B-B4F3-A77E90110906}.Release|Any CPU.ActiveCfg = Release|Any CPU
		{ED1EEC48-4DE1-4E5B-B4F3-A77E90110906}.Release|Any CPU.Build.0 = Release|Any CPU
		{9C074BE5-B4BC-41B3-8818-FA5BD295966B}.Debug|Any CPU.ActiveCfg = Debug|Any CPU
		{9C074BE5-B4BC-41B3-8818-FA5BD295966B}.Debug|Any CPU.Build.0 = Debug|Any CPU
		{9C074BE5-B4BC-41B3-8818-FA5BD295966B}.Release|Any CPU.ActiveCfg = Release|Any CPU
		{9C074BE5-B4BC-41B3-8818-FA5BD295966B}.Release|Any CPU.Build.0 = Release|Any CPU
		{3B3B7B47-E162-48B7-ADA5-7140F3966F57}.Debug|Any CPU.ActiveCfg = Debug|Any CPU
		{3B3B7B47-E162-48B7-ADA5-7140F3966F57}.Debug|Any CPU.Build.0 = Debug|Any CPU
		{3B3B7B47-E162-48B7-ADA5-7140F3966F57}.Release|Any CPU.ActiveCfg = Release|Any CPU
		{3B3B7B47-E162-48B7-ADA5-7140F3966F57}.Release|Any CPU.Build.0 = Release|Any CPU
	EndGlobalSection
	GlobalSection(SolutionProperties) = preSolution
		HideSolutionNode = FALSE
	EndGlobalSection
	GlobalSection(ExtensibilityGlobals) = postSolution
		SolutionGuid = {A3F17659-38EF-4428-876D-F1D1E71CFA6E}
	EndGlobalSection
EndGlobal
